
Microsoft Visual Studio Solution File, Format Version 12.00
# Visual Studio Version 16
VisualStudioVersion = 16.0.31515.178
MinimumVisualStudioVersion = 10.0.40219.1
Project("{FAE04EC0-301F-11D3-BF4B-00C04F79EFBC}") = "Queue", "Queue.csproj", "{D2A237AC-0EAB-473C-B7C9-BBC4264D2EFD}"
EndProject
Global
	GlobalSection(SolutionConfigurationPlatforms) = preSolution
		Debug|Any CPU = Debug|Any CPU
		Release|Any CPU = Release|Any CPU
	EndGlobalSection
	GlobalSection(ProjectConfigurationPlatforms) = postSolution
		{D2A237AC-0EAB-473C-B7C9-BBC4264D2EFD}.Debug|Any CPU.ActiveCfg = Debug|Any CPU
		{D2A237AC-0EAB-473C-B7C9-BBC4264D2EFD}.Debug|Any CPU.Build.0 = Debug|Any CPU
		{D2A237AC-0EAB-473C-B7C9-BBC4264D2EFD}.Release|Any CPU.ActiveCfg = Release|Any CPU
		{D2A237AC-0EAB-473C-B7C9-BBC4264D2EFD}.Release|Any CPU.Build.0 = Release|Any CPU
	EndGlobalSection
	GlobalSection(SolutionProperties) = preSolution
		HideSolutionNode = FALSE
	EndGlobalSection
	GlobalSection(ExtensibilityGlobals) = postSolution
		SolutionGuid = {5E8EB211-98D8-43C3-82AA-2831940FE9E4}
	EndGlobalSection
EndGlobal
